
Microsoft Visual Studio Solution File, Format Version 12.00
# Visual Studio Version 17
VisualStudioVersion = 17.0.31903.59
MinimumVisualStudioVersion = 10.0.40219.1
Project("{FAE04EC0-301F-11D3-BF4B-00C04F79EFBC}") = "MainApp", "MainApp\MainApp.csproj", "{E59AE048-3281-46A6-A98B-254B6D77CE12}"
EndProject
Project("{FAE04EC0-301F-11D3-BF4B-00C04F79EFBC}") = "Modes", "Modes\Modes.csproj", "{CF101052-03F6-44A5-83FA-10ED19ACAD96}"
EndProject
Global
	GlobalSection(SolutionConfigurationPlatforms) = preSolution
		Debug|Any CPU = Debug|Any CPU
		Debug|x64 = Debug|x64
		Debug|x86 = Debug|x86
		Release|Any CPU = Release|Any CPU
		Release|x64 = Release|x64
		Release|x86 = Release|x86
	EndGlobalSection
	GlobalSection(ProjectConfigurationPlatforms) = postSolution
		{E59AE048-3281-46A6-A98B-254B6D77CE12}.Debug|Any CPU.ActiveCfg = Debug|Any CPU
		{E59AE048-3281-46A6-A98B-254B6D77CE12}.Debug|Any CPU.Build.0 = Debug|Any CPU
		{E59AE048-3281-46A6-A98B-254B6D77CE12}.Debug|x64.ActiveCfg = Debug|Any CPU
		{E59AE048-3281-46A6-A98B-254B6D77CE12}.Debug|x64.Build.0 = Debug|Any CPU
		{E59AE048-3281-46A6-A98B-254B6D77CE12}.Debug|x86.ActiveCfg = Debug|Any CPU
		{E59AE048-3281-46A6-A98B-254B6D77CE12}.Debug|x86.Build.0 = Debug|Any CPU
		{E59AE048-3281-46A6-A98B-254B6D77CE12}.Release|Any CPU.ActiveCfg = Release|Any CPU
		{E59AE048-3281-46A6-A98B-254B6D77CE12}.Release|Any CPU.Build.0 = Release|Any CPU
		{E59AE048-3281-46A6-A98B-254B6D77CE12}.Release|x64.ActiveCfg = Release|Any CPU
		{E59AE048-3281-46A6-A98B-254B6D77CE12}.Release|x64.Build.0 = Release|Any CPU
		{E59AE048-3281-46A6-A98B-254B6D77CE12}.Release|x86.ActiveCfg = Release|Any CPU
		{E59AE048-3281-46A6-A98B-254B6D77CE12}.Release|x86.Build.0 = Release|Any CPU
		{CF101052-03F6-44A5-83FA-10ED19ACAD96}.Debug|Any CPU.ActiveCfg = Debug|Any CPU
		{CF101052-03F6-44A5-83FA-10ED19ACAD96}.Debug|Any CPU.Build.0 = Debug|Any CPU
		{CF101052-03F6-44A5-83FA-10ED19ACAD96}.Debug|x64.ActiveCfg = Debug|Any CPU
		{CF101052-03F6-44A5-83FA-10ED19ACAD96}.Debug|x64.Build.0 = Debug|Any CPU
		{CF101052-03F6-44A5-83FA-10ED19ACAD96}.Debug|x86.ActiveCfg = Debug|Any CPU
		{CF101052-03F6-44A5-83FA-10ED19ACAD96}.Debug|x86.Build.0 = Debug|Any CPU
		{CF101052-03F6-44A5-83FA-10ED19ACAD96}.Release|Any CPU.ActiveCfg = Release|Any CPU
		{CF101052-03F6-44A5-83FA-10ED19ACAD96}.Release|Any CPU.Build.0 = Release|Any CPU
		{CF101052-03F6-44A5-83FA-10ED19ACAD96}.Release|x64.ActiveCfg = Release|Any CPU
		{CF101052-03F6-44A5-83FA-10ED19ACAD96}.Release|x64.Build.0 = Release|Any CPU
		{CF101052-03F6-44A5-83FA-10ED19ACAD96}.Release|x86.ActiveCfg = Release|Any CPU
		{CF101052-03F6-44A5-83FA-10ED19ACAD96}.Release|x86.Build.0 = Release|Any CPU
	EndGlobalSection
	GlobalSection(SolutionProperties) = preSolution
		HideSolutionNode = FALSE
	EndGlobalSection
EndGlobal
